
Microsoft Visual Studio Solution File, Format Version 12.00
# Visual Studio Version 17
VisualStudioVersion = 17.9.34723.18
MinimumVisualStudioVersion = 10.0.40219.1
Project("{FAE04EC0-301F-11D3-BF4B-00C04F79EFBC}") = "WindowsFormsApp3", "WindowsFormsApp3.csproj", "{C00E43F5-407D-4149-83E0-4F38946B6CA9}"
EndProject
Global
	GlobalSection(SolutionConfigurationPlatforms) = preSolution
		Debug|Any CPU = Debug|Any CPU
		Release|Any CPU = Release|Any CPU
	EndGlobalSection
	GlobalSection(ProjectConfigurationPlatforms) = postSolution
		{C00E43F5-407D-4149-83E0-4F38946B6CA9}.Debug|Any CPU.ActiveCfg = Debug|Any CPU
		{C00E43F5-407D-4149-83E0-4F38946B6CA9}.Debug|Any CPU.Build.0 = Debug|Any CPU
		{C00E43F5-407D-4149-83E0-4F38946B6CA9}.Release|Any CPU.ActiveCfg = Release|Any CPU
		{C00E43F5-407D-4149-83E0-4F38946B6CA9}.Release|Any CPU.Build.0 = Release|Any CPU
	EndGlobalSection
	GlobalSection(SolutionProperties) = preSolution
		HideSolutionNode = FALSE
	EndGlobalSection
	GlobalSection(ExtensibilityGlobals) = postSolution
		SolutionGuid = {3CE97A26-6CA3-41E6-B031-1B96230607F6}
	EndGlobalSection
EndGlobal
